// !$*UTF8*$!
{
	archiveVersion = 1;
	classes = {
	};
	objectVersion = 50;
	objects = {

/* Begin PBXBuildFile section */
		AC1ECF4D22E81C9D00D4C34C /* AppDelegate.swift in Sources */ = {isa = PBXBuildFile; fileRef = AC1ECF4C22E81C9D00D4C34C /* AppDelegate.swift */; };
		AC1ECF4F22E81C9D00D4C34C /* ViewController.swift in Sources */ = {isa = PBXBuildFile; fileRef = AC1ECF4E22E81C9D00D4C34C /* ViewController.swift */; };
		AC1ECF5222E81C9D00D4C34C /* Main.storyboard in Resources */ = {isa = PBXBuildFile; fileRef = AC1ECF5022E81C9D00D4C34C /* Main.storyboard */; };
		AC1ECF5422E81C9F00D4C34C /* Assets.xcassets in Resources */ = {isa = PBXBuildFile; fileRef = AC1ECF5322E81C9F00D4C34C /* Assets.xcassets */; };
		AC1ECF5722E81C9F00D4C34C /* LaunchScreen.storyboard in Resources */ = {isa = PBXBuildFile; fileRef = AC1ECF5522E81C9F00D4C34C /* LaunchScreen.storyboard */; };
/* End PBXBuildFile section */

/* Begin PBXFileReference section */
		AC1ECF4922E81C9D00D4C34C /* Shake Rattle And Roll.app */ = {isa = PBXFileReference; explicitFileType = wrapper.application; includeInIndex = 0; path = "Shake Rattle And Roll.app"; sourceTree = BUILT_PRODUCTS_DIR; };
		AC1ECF4C22E81C9D00D4C34C /* AppDelegate.swift */ = {isa = PBXFileReference; lastKnownFileType = sourcecode.swift; path = AppDelegate.swift; sourceTree = "<group>"; };
		AC1ECF4E22E81C9D00D4C34C /* ViewController.swift */ = {isa = PBXFileReference; lastKnownFileType = sourcecode.swift; path = ViewController.swift; sourceTree = "<group>"; };
		AC1ECF5122E81C9D00D4C34C /* Base */ = {isa = PBXFileReference; lastKnownFileType = file.storyboard; name = Base; path = Base.lproj/Main.storyboard; sourceTree = "<group>"; };
		AC1ECF5322E81C9F00D4C34C /* Assets.xcassets */ = {isa = PBXFileReference; lastKnownFileType = folder.assetcatalog; path = Assets.xcassets; sourceTree = "<group>"; };
		AC1ECF5622E81C9F00D4C34C /* Base */ = {isa = PBXFileReference; lastKnownFileType = file.storyboard; name = Base; path = Base.lproj/LaunchScreen.storyboard; sourceTree = "<group>"; };
		AC1ECF5822E81C9F00D4C34C /* Info.plist */ = {isa = PBXFileReference; lastKnownFileType = text.plist.xml; path = Info.plist; sourceTree = "<group>"; };
/* End PBXFileReference section */

/* Begin PBXFrameworksBuildPhase section */
		AC1ECF4622E81C9D00D4C34C /* Frameworks */ = {
			isa = PBXFrameworksBuildPhase;
			buildActionMask = 2147483647;
			files = (
			);
			runOnlyForDeploymentPostprocessing = 0;
		};
/* End PBXFrameworksBuildPhase section */

/* Begin PBXGroup section */
		AC1ECF4022E81C9D00D4C34C = {
			isa = PBXGroup;
			children = (
				AC1ECF4B22E81C9D00D4C34C /* Shake Rattle And Roll */,
				AC1ECF4A22E81C9D00D4C34C /* Products */,
			);
			sourceTree = "<group>";
		};
		AC1ECF4A22E81C9D00D4C34C /* Products */ = {
			isa = PBXGroup;
			children = (
				AC1ECF4922E81C9D00D4C34C /* Shake Rattle And Roll.app */,
			);
			name = Products;
			sourceTree = "<group>";
		};
		AC1ECF4B22E81C9D00D4C34C /* Shake Rattle And Roll */ = {
			isa = PBXGroup;
			children = (
				AC1ECF4C22E81C9D00D4C34C /* AppDelegate.swift */,
				AC1ECF4E22E81C9D00D4C34C /* ViewController.swift */,
				AC1ECF5022E81C9D00D4C34C /* Main.storyboard */,
				AC1ECF5322E81C9F00D4C34C /* Assets.xcassets */,
				AC1ECF5522E81C9F00D4C34C /* LaunchScreen.storyboard */,
				AC1ECF5822E81C9F00D4C34C /* Info.plist */,
			);
			path = "Shake Rattle And Roll";
			sourceTree = "<group>";
		};
/* End PBXGroup section */

/* Begin PBXNativeTarget section */
		AC1ECF4822E81C9D00D4C34C /* Shake Rattle And Roll */ = {
			isa = PBXNativeTarget;
			buildConfigurationList = AC1ECF5B22E81C9F00D4C34C /* Build configuration list for PBXNativeTarget "Shake Rattle And Roll" */;
			buildPhases = (
				AC1ECF4522E81C9D00D4C34C /* Sources */,
				AC1ECF4622E81C9D00D4C34C /* Frameworks */,
				AC1ECF4722E81C9D00D4C34C /* Resources */,
			);
			buildRules = (
			);
			dependencies = (
			);
			name = "Shake Rattle And Roll";
			productName = "Shake Rattle And Roll";
			productReference = AC1ECF4922E81C9D00D4C34C /* Shake Rattle And Roll.app */;
			productType = "com.apple.product-type.application";
		};
/* End PBXNativeTarget section */

/* Begin PBXProject section */
		AC1ECF4122E81C9D00D4C34C /* Project object */ = {
			isa = PBXProject;
			attributes = {
				LastSwiftUpdateCheck = 1020;
				LastUpgradeCheck = 1020;
				ORGANIZATIONNAME = "Digital Mirko";
				TargetAttributes = {
					AC1ECF4822E81C9D00D4C34C = {
						CreatedOnToolsVersion = 10.2.1;
					};
				};
			};
			buildConfigurationList = AC1ECF4422E81C9D00D4C34C /* Build configuration list for PBXProject "Shake Rattle And Roll" */;
			compatibilityVersion = "Xcode 9.3";
			developmentRegion = en;
			hasScannedForEncodings = 0;
			knownRegions = (
				en,
				Base,
			);
			mainGroup = AC1ECF4022E81C9D00D4C34C;
			productRefGroup = AC1ECF4A22E81C9D00D4C34C /* Products */;
			projectDirPath = "";
			projectRoot = "";
			targets = (
				AC1ECF4822E81C9D00D4C34C /* Shake Rattle And Roll */,
			);
		};
/* End PBXProject section */

/* Begin PBXResourcesBuildPhase section */
		AC1ECF4722E81C9D00D4C34C /* Resources */ = {
			isa = PBXResourcesBuildPhase;
			buildActionMask = 2147483647;
			files = (
				AC1ECF5722E81C9F00D4C34C /* LaunchScreen.storyboard in Resources */,
				AC1ECF5422E81C9F00D4C34C /* Assets.xcassets in Resources */,
				AC1ECF5222E81C9D00D4C34C /* Main.storyboard in Resources */,
			);
			runOnlyForDeploymentPostprocessing = 0;
		};
/* End PBXResourcesBuildPhase section */

/* Begin PBXSourcesBuildPhase section */
		AC1ECF4522E81C9D00D4C34C /* Sources */ = {
			isa = PBXSourcesBuildPhase;
			buildActionMask = 2147483647;
			files = (
				AC1ECF4F22E81C9D00D4C34C /* ViewController.swift in Sources */,
				AC1ECF4D22E81C9D00D4C34C /* AppDelegate.swift in Sources */,
			);
			runOnlyForDeploymentPostprocessing = 0;
		};
/* End PBXSourcesBuildPhase section */

/* Begin PBXVariantGroup section */
		AC1ECF5022E81C9D00D4C34C /* Main.storyboard */ = {
			isa = PBXVariantGroup;
			children = (
				AC1ECF5122E81C9D00D4C34C /* Base */,
			);
			name = Main.storyboard;
			sourceTree = "<group>";
		};
		AC1ECF5522E81C9F00D4C34C /* LaunchScreen.storyboard */ = {
			isa = PBXVariantGroup;
			children = (
				AC1ECF5622E81C9F00D4C34C /* Base */,
			);
			name = LaunchScreen.storyboard;
			sourceTree = "<group>";
		};
/* End PBXVariantGroup section */

/* Begin XCBuildConfiguration section */
		AC1ECF5922E81C9F00D4C34C /* Debug */ = {
			isa = XCBuildConfiguration;
			buildSettings = {
				ALWAYS_SEARCH_USER_PATHS = NO;
				CLANG_ANALYZER_NONNULL = YES;
				CLANG_ANALYZER_NUMBER_OBJECT_CONVERSION = YES_AGGRESSIVE;
				CLANG_CXX_LANGUAGE_STANDARD = "gnu++14";
				CLANG_CXX_LIBRARY = "libc++";
				CLANG_ENABLE_MODULES = YES;
				CLANG_ENABLE_OBJC_ARC = YES;
				CLANG_ENABLE_OBJC_WEAK = YES;
				CLANG_WARN_BLOCK_CAPTURE_AUTORELEASING = YES;
				CLANG_WARN_BOOL_CONVERSION = YES;
				CLANG_WARN_COMMA = YES;
				CLANG_WARN_CONSTANT_CONVERSION = YES;
				CLANG_WARN_DEPRECATED_OBJC_IMPLEMENTATIONS = YES;
				CLANG_WARN_DIRECT_OBJC_ISA_USAGE = YES_ERROR;
				CLANG_WARN_DOCUMENTATION_COMMENTS = YES;
				CLANG_WARN_EMPTY_BODY = YES;
				CLANG_WARN_ENUM_CONVERSION = YES;
				CLANG_WARN_INFINITE_RECURSION = YES;
				CLANG_WARN_INT_CONVERSION = YES;
				CLANG_WARN_NON_LITERAL_NULL_CONVERSION = YES;
				CLANG_WARN_OBJC_IMPLICIT_RETAIN_SELF = YES;
				CLANG_WARN_OBJC_LITERAL_CONVERSION = YES;
				CLANG_WARN_OBJC_ROOT_CLASS = YES_ERROR;
				CLANG_WARN_RANGE_LOOP_ANALYSIS = YES;
				CLANG_WARN_STRICT_PROTOTYPES = YES;
				CLANG_WARN_SUSPICIOUS_MOVE = YES;
				CLANG_WARN_UNGUARDED_AVAILABILITY = YES_AGGRESSIVE;
				CLANG_WARN_UNREACHABLE_CODE = YES;
				CLANG_WARN__DUPLICATE_METHOD_MATCH = YES;
				CODE_SIGN_IDENTITY = "iPhone Developer";
				COPY_PHASE_STRIP = NO;
				DEBUG_INFORMATION_FORMAT = dwarf;
				ENABLE_STRICT_OBJC_MSGSEND = YES;
				ENABLE_TESTABILITY = YES;
				GCC_C_LANGUAGE_STANDARD = gnu11;
				GCC_DYNAMIC_NO_PIC = NO;
				GCC_NO_COMMON_BLOCKS = YES;
				GCC_OPTIMIZATION_LEVEL = 0;
				GCC_PREPROCESSOR_DEFINITIONS = (
					"DEBUG=1",
					"$(inherited)",
				);
				GCC_WARN_64_TO_32_BIT_CONVERSION = YES;
				GCC_WARN_ABOUT_RETURN_TYPE = YES_ERROR;
				GCC_WARN_UNDECLARED_SELECTOR = YES;
				GCC_WARN_UNINITIALIZED_AUTOS = YES_AGGRESSIVE;
				GCC_WARN_UNUSED_FUNCTION = YES;
				GCC_WARN_UNUSED_VARIABLE = YES;
				IPHONEOS_DEPLOYMENT_TARGET = 12.2;
				MTL_ENABLE_DEBUG_INFO = INCLUDE_SOURCE;
				MTL_FAST_MATH = YES;
				ONLY_ACTIVE_ARCH = YES;
				SDKROOT = iphoneos;
				SWIFT_ACTIVE_COMPILATION_CONDITIONS = DEBUG;
				SWIFT_OPTIMIZATION_LEVEL = "-Onone";
			};
			name = Debug;
		};
		AC1ECF5A22E81C9F00D4C34C /* Release */ = {
			isa = XCBuildConfiguration;
			buildSettings = {
				ALWAYS_SEARCH_USER_PATHS = NO;
				CLANG_ANALYZER_NONNULL = YES;
				CLANG_ANALYZER_NUMBER_OBJECT_CONVERSION = YES_AGGRESSIVE;
				CLANG_CXX_LANGUAGE_STANDARD = "gnu++14";
				CLANG_CXX_LIBRARY = "libc++";
				CLANG_ENABLE_MODULES = YES;
				CLANG_ENABLE_OBJC_ARC = YES;
				CLANG_ENABLE_OBJC_WEAK = YES;
				CLANG_WARN_BLOCK_CAPTURE_AUTORELEASING = YES;
				CLANG_WARN_BOOL_CONVERSION = YES;
				CLANG_WARN_COMMA = YES;
				CLANG_WARN_CONSTANT_CONVERSION = YES;
				CLANG_WARN_DEPRECATED_OBJC_IMPLEMENTATIONS = YES;
				CLANG_WARN_DIRECT_OBJC_ISA_USAGE = YES_ERROR;
				CLANG_WARN_DOCUMENTATION_COMMENTS = YES;
				CLANG_WARN_EMPTY_BODY = YES;
				CLANG_WARN_ENUM_CONVERSION = YES;
				CLANG_WARN_INFINITE_RECURSION = YES;
				CLANG_WARN_INT_CONVERSION = YES;
				CLANG_WARN_NON_LITERAL_NULL_CONVERSION = YES;
				CLANG_WARN_OBJC_IMPLICIT_RETAIN_SELF = YES;
				CLANG_WARN_OBJC_LITERAL_CONVERSION = YES;
				CLANG_WARN_OBJC_ROOT_CLASS = YES_ERROR;
				CLANG_WARN_RANGE_LOOP_ANALYSIS = YES;
				CLANG_WARN_STRICT_PROTOTYPES = YES;
				CLANG_WARN_SUSPICIOUS_MOVE = YES;
				CLANG_WARN_UNGUARDED_AVAILABILITY = YES_AGGRESSIVE;
				CLANG_WARN_UNREACHABLE_CODE = YES;
				CLANG_WARN__DUPLICATE_METHOD_MATCH = YES;
				CODE_SIGN_IDENTITY = "iPhone Developer";
				COPY_PHASE_STRIP = NO;
				DEBUG_INFORMATION_FORMAT = "dwarf-with-dsym";
				ENABLE_NS_ASSERTIONS = NO;
				ENABLE_STRICT_OBJC_MSGSEND = YES;
				GCC_C_LANGUAGE_STANDARD = gnu11;
				GCC_NO_COMMON_BLOCKS = YES;
				GCC_WARN_64_TO_32_BIT_CONVERSION = YES;
				GCC_WARN_ABOUT_RETURN_TYPE = YES_ERROR;
				GCC_WARN_UNDECLARED_SELECTOR = YES;
				GCC_WARN_UNINITIALIZED_AUTOS = YES_AGGRESSIVE;
				GCC_WARN_UNUSED_FUNCTION = YES;
				GCC_WARN_UNUSED_VARIABLE = YES;
				IPHONEOS_DEPLOYMENT_TARGET = 12.2;
				MTL_ENABLE_DEBUG_INFO = NO;
				MTL_FAST_MATH = YES;
				SDKROOT = iphoneos;
				SWIFT_COMPILATION_MODE = wholemodule;
				SWIFT_OPTIMIZATION_LEVEL = "-O";
				VALIDATE_PRODUCT = YES;
			};
			name = Release;
		};
		AC1ECF5C22E81C9F00D4C34C /* Debug */ = {
			isa = XCBuildConfiguration;
			buildSettings = {
				ASSETCATALOG_COMPILER_APPICON_NAME = AppIcon;
				CODE_SIGN_STYLE = Automatic;
				DEVELOPMENT_TEAM = EQNJ9FG9YA;
				INFOPLIST_FILE = "Shake Rattle And Roll/Info.plist";
				LD_RUNPATH_SEARCH_PATHS = (
					"$(inherited)",
					"@executable_path/Frameworks",
				);
				PRODUCT_BUNDLE_IDENTIFIER = "com.digitalmirko.Shake-Rattle-And-Roll";
				PRODUCT_NAME = "$(TARGET_NAME)";
				SWIFT_VERSION = 5.0;
				TARGETED_DEVICE_FAMILY = "1,2";
			};
			name = Debug;
		};
		AC1ECF5D22E81C9F00D4C34C /* Release */ = {
			isa = XCBuildConfiguration;
			buildSettings = {
				ASSETCATALOG_COMPILER_APPICON_NAME = AppIcon;
				CODE_SIGN_STYLE = Automatic;
				DEVELOPMENT_TEAM = EQNJ9FG9YA;
				INFOPLIST_FILE = "Shake Rattle And Roll/Info.plist";
				LD_RUNPATH_SEARCH_PATHS = (
					"$(inherited)",
					"@executable_path/Frameworks",
				);
				PRODUCT_BUNDLE_IDENTIFIER = "com.digitalmirko.Shake-Rattle-And-Roll";
				PRODUCT_NAME = "$(TARGET_NAME)";
				SWIFT_VERSION = 5.0;
				TARGETED_DEVICE_FAMILY = "1,2";
			};
			name = Release;
		};
/* End XCBuildConfiguration section */

/* Begin XCConfigurationList section */
		AC1ECF4422E81C9D00D4C34C /* Build configuration list for PBXProject "Shake Rattle And Roll" */ = {
			isa = XCConfigurationList;
			buildConfigurations = (
				AC1ECF5922E81C9F00D4C34C /* Debug */,
				AC1ECF5A22E81C9F00D4C34C /* Release */,
			);
			defaultConfigurationIsVisible = 0;
			defaultConfigurationName = Release;
		};
		AC1ECF5B22E81C9F00D4C34C /* Build configuration list for PBXNativeTarget "Shake Rattle And Roll" */ = {
			isa = XCConfigurationList;
			buildConfigurations = (
				AC1ECF5C22E81C9F00D4C34C /* Debug */,
				AC1ECF5D22E81C9F00D4C34C /* Release */,
			);
			defaultConfigurationIsVisible = 0;
			defaultConfigurationName = Release;
		};
/* End XCConfigurationList section */
	};
	rootObject = AC1ECF4122E81C9D00D4C34C /* Project object */;
}
